
Microsoft Visual Studio Solution File, Format Version 12.00
# Visual Studio Version 17
VisualStudioVersion = 17.9.34728.123
MinimumVisualStudioVersion = 10.0.40219.1
Project("{FAE04EC0-301F-11D3-BF4B-00C04F79EFBC}") = "Intraactive", "Intraactive\Intraactive.csproj", "{4990F3CA-079B-44BE-90F5-BBA1BE044866}"
EndProject
Global
	GlobalSection(SolutionConfigurationPlatforms) = preSolution
		Debug|Any CPU = Debug|Any CPU
		Release|Any CPU = Release|Any CPU
	EndGlobalSection
	GlobalSection(ProjectConfigurationPlatforms) = postSolution
		{4990F3CA-079B-44BE-90F5-BBA1BE044866}.Debug|Any CPU.ActiveCfg = Debug|Any CPU
		{4990F3CA-079B-44BE-90F5-BBA1BE044866}.Debug|Any CPU.Build.0 = Debug|Any CPU
		{4990F3CA-079B-44BE-90F5-BBA1BE044866}.Release|Any CPU.ActiveCfg = Release|Any CPU
		{4990F3CA-079B-44BE-90F5-BBA1BE044866}.Release|Any CPU.Build.0 = Release|Any CPU
	EndGlobalSection
	GlobalSection(SolutionProperties) = preSolution
		HideSolutionNode = FALSE
	EndGlobalSection
	GlobalSection(ExtensibilityGlobals) = postSolution
		SolutionGuid = {751E5660-A4C3-47D9-AC99-3A1C47711D43}
	EndGlobalSection
EndGlobal
